{
  "name": "raft-sync",
  "version": "1.0.0",
  "lockfileVersion": 1,
  "requires": true,
  "dependencies": {
    "any-promise": {
      "version": "1.3.0",
      "resolved": "http://dockersrv.neverin.clausohm.de/repository/npm-group/any-promise/-/any-promise-1.3.0.tgz",
      "integrity": "sha1-q8av7tzqUugJzcA3au0845Y10X8="
    },
    "async-exit-hook": {
      "version": "2.0.1",
      "resolved": "http://dockersrv.neverin.clausohm.de/repository/npm-group/async-exit-hook/-/async-exit-hook-2.0.1.tgz",
      "integrity": "sha512-NW2cX8m1Q7KPA7a5M2ULQeZ2wR5qI5PAbw5L0UOMxdioVk9PMZ0h1TmyZEkPYrCvYjDlFICusOu1dlEKAAeXBw=="
    },
    "git-client": {
      "version": "1.8.3",
      "resolved": "http://dockersrv.neverin.clausohm.de/repository/npm-group/git-client/-/git-client-1.8.3.tgz",
      "integrity": "sha512-kqTvzBqMPxFKSEKQH32tQEQU+SgHiQQRMcOY2MB70Hocp6+kgwxaaqXDKJ0SdXHA9qQYEcoK6wU0zsI0pK8v2w==",
      "requires": {
        "async-exit-hook": "^2.0.1",
        "mz": "^2.7.0",
        "rusha": "^0.8.13",
        "semver": "^5.7.0"
      }
    },
    "mz": {
      "version": "2.7.0",
      "resolved": "http://dockersrv.neverin.clausohm.de/repository/npm-group/mz/-/mz-2.7.0.tgz",
      "integrity": "sha512-z81GNO7nnYMEhrGh9LeymoE4+Yr0Wn5McHIZMK5cfQCl+NDX08sCZgUc9/6MHni9IWuFLm1Z3HTCXu2z9fN62Q==",
      "requires": {
        "any-promise": "^1.0.0",
        "object-assign": "^4.0.1",
        "thenify-all": "^1.0.0"
      }
    },
    "object-assign": {
      "version": "4.1.1",
      "resolved": "http://dockersrv.neverin.clausohm.de/repository/npm-group/object-assign/-/object-assign-4.1.1.tgz",
      "integrity": "sha1-IQmtx5ZYh8/AXLvUQsrIv7s2CGM="
    },
    "rusha": {
      "version": "0.8.14",
      "resolved": "http://dockersrv.neverin.clausohm.de/repository/npm-group/rusha/-/rusha-0.8.14.tgz",
      "integrity": "sha512-cLgakCUf6PedEu15t8kbsjnwIFFR2D4RfL+W3iWFJ4iac7z4B0ZI8fxy4R3J956kAI68HclCFGL8MPoUVC3qVA=="
    },
    "semver": {
      "version": "5.7.1",
      "resolved": "http://dockersrv.neverin.clausohm.de/repository/npm-group/semver/-/semver-5.7.1.tgz",
      "integrity": "sha512-sauaDf/PZdVgrLTNYHRtpXa1iRiKcaebiKQ1BJdpQlWH2lCvexQdX55snPFyK7QzpudqbCI0qXFfOasHdyNDGQ=="
    },
    "thenify": {
      "version": "3.3.1",
      "resolved": "http://dockersrv.neverin.clausohm.de/repository/npm-group/thenify/-/thenify-3.3.1.tgz",
      "integrity": "sha512-RVZSIV5IG10Hk3enotrhvz0T9em6cyHBLkH/YAZuKqd8hRkKhSfCGIcP2KUY0EPxndzANBmNllzWPwak+bheSw==",
      "requires": {
        "any-promise": "^1.0.0"
      }
    },
    "thenify-all": {
      "version": "1.6.0",
      "resolved": "http://dockersrv.neverin.clausohm.de/repository/npm-group/thenify-all/-/thenify-all-1.6.0.tgz",
      "integrity": "sha1-GhkY1ALY/D+Y+/I02wvMjMEOlyY=",
      "requires": {
        "thenify": ">= 3.1.0 < 4"
      }
    }
  }
}
